PODS:
  - Alamofire (3.4.0)
  - Crashlytics (3.7.0):
    - Fabric (~> 1.6.3)
  - Fabric (1.6.7)
  - RBQFetchedResultsController (4.0.3):
    - Realm (>= 0.99.1)
  - Realm (0.102.0):
    - Realm/Headers (= 0.102.0)
  - Realm/Headers (0.102.0)
  - RealmSwift (0.102.0):
    - Realm (= 0.102.0)
  - SwiftFetchedResultsController (4.0.3):
    - RBQFetchedResultsController (>= 4.0.3)
    - RealmSwift (>= 0.99.1)
  - SwiftyJSON (2.3.2)

DEPENDENCIES:
  - Alamofire
  - Crashlytics
  - Fabric
  - RealmSwift
  - SwiftFetchedResultsController
  - SwiftyJSON

SPEC CHECKSUMS:
  Alamofire: c19a627cefd6a95f840401c49ab1f124e07f54ee
  Crashlytics: c3a2333dea9e2733d2777f730910321fc9e25c0d
  Fabric: caf7580c725e64db144f610ac65cd60956911dc7
  RBQFetchedResultsController: fcc29d033acb7875af5c85976bd4f1ddb4ff75bc
  Realm: 5d219f9037e3ec2019c599b8227bfc95433cb10e
  RealmSwift: e6f436f9fea1c57b9ad6d1c46d57562c845f3c4c
  SwiftFetchedResultsController: 5ba43769b1198195e087f37536c99611505da5ec
  SwiftyJSON: 04ccea08915aa0109039157c7974cf0298da292a

PODFILE CHECKSUM: 14ee69225e36001f6362e2307624f370280edcb5

COCOAPODS: 1.0.0
