// !$*UTF8*$!
{
	archiveVersion = 1;
	classes = {
	};
	objectVersion = 46;
	objects = {

/* Begin PBXBuildFile section */
		2085320DD5DC579F5868699A /* Pods_LunchGuyUITests.framework in Frameworks */ = {isa = PBXBuildFile; fileRef = 46242A0D246587309CC58535 /* Pods_LunchGuyUITests.framework */; };
		351CFA781CF3D96F00D4146A /* RestaurantTableViewController.swift in Sources */ = {isa = PBXBuildFile; fileRef = 351CFA771CF3D96F00D4146A /* RestaurantTableViewController.swift */; };
		351CFA7A1CF3DD9E00D4146A /* MenuTableViewController.swift in Sources */ = {isa = PBXBuildFile; fileRef = 351CFA791CF3DD9E00D4146A /* MenuTableViewController.swift */; };
		3525C0CE1CF3BA7F002114A6 /* AppDelegate.swift in Sources */ = {isa = PBXBuildFile; fileRef = 3525C0CD1CF3BA7F002114A6 /* AppDelegate.swift */; };
		3525C0D01CF3BA7F002114A6 /* ViewController.swift in Sources */ = {isa = PBXBuildFile; fileRef = 3525C0CF1CF3BA7F002114A6 /* ViewController.swift */; };
		3525C0D51CF3BA7F002114A6 /* Assets.xcassets in Resources */ = {isa = PBXBuildFile; fileRef = 3525C0D41CF3BA7F002114A6 /* Assets.xcassets */; };
		3525C0E31CF3BA7F002114A6 /* LunchGuyTests.swift in Sources */ = {isa = PBXBuildFile; fileRef = 3525C0E21CF3BA7F002114A6 /* LunchGuyTests.swift */; };
		3525C0EE1CF3BA7F002114A6 /* LunchGuyUITests.swift in Sources */ = {isa = PBXBuildFile; fileRef = 3525C0ED1CF3BA7F002114A6 /* LunchGuyUITests.swift */; };
		3525C0FD1CF3BC2C002114A6 /* APIWrapper.swift in Sources */ = {isa = PBXBuildFile; fileRef = 3525C0FC1CF3BC2C002114A6 /* APIWrapper.swift */; };
		3525C1061CF3C2EA002114A6 /* Model.swift in Sources */ = {isa = PBXBuildFile; fileRef = 3525C1051CF3C2EA002114A6 /* Model.swift */; };
		3525C1091CF3C6FE002114A6 /* NSDate+LunchGuy.swift in Sources */ = {isa = PBXBuildFile; fileRef = 3525C1081CF3C6FE002114A6 /* NSDate+LunchGuy.swift */; };
		77E2D65270D1963012342F1F /* Pods_LunchGuyTests.framework in Frameworks */ = {isa = PBXBuildFile; fileRef = FB8CF7DCE0695EB1DEEE28B7 /* Pods_LunchGuyTests.framework */; };
		C541A03DE7E076A065DE7119 /* Pods_LunchGuy.framework in Frameworks */ = {isa = PBXBuildFile; fileRef = 19F03A6E386F819E4353682F /* Pods_LunchGuy.framework */; };
/* End PBXBuildFile section */

/* Begin PBXContainerItemProxy section */
		3525C0DF1CF3BA7F002114A6 /* PBXContainerItemProxy */ = {
			isa = PBXContainerItemProxy;
			containerPortal = 3525C0C21CF3BA7F002114A6 /* Project object */;
			proxyType = 1;
			remoteGlobalIDString = 3525C0C91CF3BA7F002114A6;
			remoteInfo = LunchGuy;
		};
		3525C0EA1CF3BA7F002114A6 /* PBXContainerItemProxy */ = {
			isa = PBXContainerItemProxy;
			containerPortal = 3525C0C21CF3BA7F002114A6 /* Project object */;
			proxyType = 1;
			remoteGlobalIDString = 3525C0C91CF3BA7F002114A6;
			remoteInfo = LunchGuy;
		};
/* End PBXContainerItemProxy section */

/* Begin PBXFileReference section */
		02C345D6F55F5B2D9E1DD44E /* Pods-LunchGuyTests.debug.xcconfig */ = {isa = PBXFileReference; includeInIndex = 1; lastKnownFileType = text.xcconfig; name = "Pods-LunchGuyTests.debug.xcconfig"; path = "Pods/Target Support Files/Pods-LunchGuyTests/Pods-LunchGuyTests.debug.xcconfig"; sourceTree = "<group>"; };
		19F03A6E386F819E4353682F /* Pods_LunchGuy.framework */ = {isa = PBXFileReference; explicitFileType = wrapper.framework; includeInIndex = 0; path = Pods_LunchGuy.framework; sourceTree = BUILT_PRODUCTS_DIR; };
		351CFA771CF3D96F00D4146A /* RestaurantTableViewController.swift */ = {isa = PBXFileReference; fileEncoding = 4; lastKnownFileType = sourcecode.swift; path = RestaurantTableViewController.swift; sourceTree = "<group>"; };
		351CFA791CF3DD9E00D4146A /* MenuTableViewController.swift */ = {isa = PBXFileReference; fileEncoding = 4; lastKnownFileType = sourcecode.swift; path = MenuTableViewController.swift; sourceTree = "<group>"; };
		3525C0CA1CF3BA7F002114A6 /* LunchGuy.app */ = {isa = PBXFileReference; explicitFileType = wrapper.application; includeInIndex = 0; path = LunchGuy.app; sourceTree = BUILT_PRODUCTS_DIR; };
		3525C0CD1CF3BA7F002114A6 /* AppDelegate.swift */ = {isa = PBXFileReference; lastKnownFileType = sourcecode.swift; path = AppDelegate.swift; sourceTree = "<group>"; };
		3525C0CF1CF3BA7F002114A6 /* ViewController.swift */ = {isa = PBXFileReference; lastKnownFileType = sourcecode.swift; path = ViewController.swift; sourceTree = "<group>"; };
		3525C0D41CF3BA7F002114A6 /* Assets.xcassets */ = {isa = PBXFileReference; lastKnownFileType = folder.assetcatalog; path = Assets.xcassets; sourceTree = "<group>"; };
		3525C0D91CF3BA7F002114A6 /* Info.plist */ = {isa = PBXFileReference; lastKnownFileType = text.plist.xml; path = Info.plist; sourceTree = "<group>"; };
		3525C0DE1CF3BA7F002114A6 /* LunchGuyTests.xctest */ = {isa = PBXFileReference; explicitFileType = wrapper.cfbundle; includeInIndex = 0; path = LunchGuyTests.xctest; sourceTree = BUILT_PRODUCTS_DIR; };
		3525C0E21CF3BA7F002114A6 /* LunchGuyTests.swift */ = {isa = PBXFileReference; lastKnownFileType = sourcecode.swift; path = LunchGuyTests.swift; sourceTree = "<group>"; };
		3525C0E41CF3BA7F002114A6 /* Info.plist */ = {isa = PBXFileReference; lastKnownFileType = text.plist.xml; path = Info.plist; sourceTree = "<group>"; };
		3525C0E91CF3BA7F002114A6 /* LunchGuyUITests.xctest */ = {isa = PBXFileReference; explicitFileType = wrapper.cfbundle; includeInIndex = 0; path = LunchGuyUITests.xctest; sourceTree = BUILT_PRODUCTS_DIR; };
		3525C0ED1CF3BA7F002114A6 /* LunchGuyUITests.swift */ = {isa = PBXFileReference; lastKnownFileType = sourcecode.swift; path = LunchGuyUITests.swift; sourceTree = "<group>"; };
		3525C0EF1CF3BA7F002114A6 /* Info.plist */ = {isa = PBXFileReference; lastKnownFileType = text.plist.xml; path = Info.plist; sourceTree = "<group>"; };
		3525C0FC1CF3BC2C002114A6 /* APIWrapper.swift */ = {isa = PBXFileReference; fileEncoding = 4; lastKnownFileType = sourcecode.swift; path = APIWrapper.swift; sourceTree = "<group>"; };
		3525C1051CF3C2EA002114A6 /* Model.swift */ = {isa = PBXFileReference; fileEncoding = 4; lastKnownFileType = sourcecode.swift; path = Model.swift; sourceTree = "<group>"; };
		3525C1081CF3C6FE002114A6 /* NSDate+LunchGuy.swift */ = {isa = PBXFileReference; fileEncoding = 4; lastKnownFileType = sourcecode.swift; path = "NSDate+LunchGuy.swift"; sourceTree = "<group>"; };
		46242A0D246587309CC58535 /* Pods_LunchGuyUITests.framework */ = {isa = PBXFileReference; explicitFileType = wrapper.framework; includeInIndex = 0; path = Pods_LunchGuyUITests.framework; sourceTree = BUILT_PRODUCTS_DIR; };
		6215739716A95EC53174EA9D /* Pods-LunchGuyUITests.debug.xcconfig */ = {isa = PBXFileReference; includeInIndex = 1; lastKnownFileType = text.xcconfig; name = "Pods-LunchGuyUITests.debug.xcconfig"; path = "Pods/Target Support Files/Pods-LunchGuyUITests/Pods-LunchGuyUITests.debug.xcconfig"; sourceTree = "<group>"; };
		C4072E3BD0DE081841E829EF /* Pods-LunchGuyUITests.release.xcconfig */ = {isa = PBXFileReference; includeInIndex = 1; lastKnownFileType = text.xcconfig; name = "Pods-LunchGuyUITests.release.xcconfig"; path = "Pods/Target Support Files/Pods-LunchGuyUITests/Pods-LunchGuyUITests.release.xcconfig"; sourceTree = "<group>"; };
		CB977E6F098BAF138A2713EE /* Pods-LunchGuy.release.xcconfig */ = {isa = PBXFileReference; includeInIndex = 1; lastKnownFileType = text.xcconfig; name = "Pods-LunchGuy.release.xcconfig"; path = "Pods/Target Support Files/Pods-LunchGuy/Pods-LunchGuy.release.xcconfig"; sourceTree = "<group>"; };
		E6F55551A8E25408DCD24251 /* Pods-LunchGuy.debug.xcconfig */ = {isa = PBXFileReference; includeInIndex = 1; lastKnownFileType = text.xcconfig; name = "Pods-LunchGuy.debug.xcconfig"; path = "Pods/Target Support Files/Pods-LunchGuy/Pods-LunchGuy.debug.xcconfig"; sourceTree = "<group>"; };
		F8CCE357518BEBB622E0B2A2 /* Pods-LunchGuyTests.release.xcconfig */ = {isa = PBXFileReference; includeInIndex = 1; lastKnownFileType = text.xcconfig; name = "Pods-LunchGuyTests.release.xcconfig"; path = "Pods/Target Support Files/Pods-LunchGuyTests/Pods-LunchGuyTests.release.xcconfig"; sourceTree = "<group>"; };
		FB8CF7DCE0695EB1DEEE28B7 /* Pods_LunchGuyTests.framework */ = {isa = PBXFileReference; explicitFileType = wrapper.framework; includeInIndex = 0; path = Pods_LunchGuyTests.framework; sourceTree = BUILT_PRODUCTS_DIR; };
/* End PBXFileReference section */

/* Begin PBXFrameworksBuildPhase section */
		3525C0C71CF3BA7F002114A6 /* Frameworks */ = {
			isa = PBXFrameworksBuildPhase;
			buildActionMask = 2147483647;
			files = (
				C541A03DE7E076A065DE7119 /* Pods_LunchGuy.framework in Frameworks */,
			);
			runOnlyForDeploymentPostprocessing = 0;
		};
		3525C0DB1CF3BA7F002114A6 /* Frameworks */ = {
			isa = PBXFrameworksBuildPhase;
			buildActionMask = 2147483647;
			files = (
				77E2D65270D1963012342F1F /* Pods_LunchGuyTests.framework in Frameworks */,
			);
			runOnlyForDeploymentPostprocessing = 0;
		};
		3525C0E61CF3BA7F002114A6 /* Frameworks */ = {
			isa = PBXFrameworksBuildPhase;
			buildActionMask = 2147483647;
			files = (
				2085320DD5DC579F5868699A /* Pods_LunchGuyUITests.framework in Frameworks */,
			);
			runOnlyForDeploymentPostprocessing = 0;
		};
/* End PBXFrameworksBuildPhase section */

/* Begin PBXGroup section */
		351CFA761CF3D95600D4146A /* ViewControllers */ = {
			isa = PBXGroup;
			children = (
				351CFA771CF3D96F00D4146A /* RestaurantTableViewController.swift */,
				351CFA791CF3DD9E00D4146A /* MenuTableViewController.swift */,
			);
			name = ViewControllers;
			sourceTree = "<group>";
		};
		3525C0C11CF3BA7F002114A6 = {
			isa = PBXGroup;
			children = (
				3525C0CC1CF3BA7F002114A6 /* LunchGuy */,
				3525C0E11CF3BA7F002114A6 /* LunchGuyTests */,
				3525C0EC1CF3BA7F002114A6 /* LunchGuyUITests */,
				3525C0CB1CF3BA7F002114A6 /* Products */,
				B60B3C31A36A598ACFF21781 /* Pods */,
				9595755FA50F98EBD05A8DFA /* Frameworks */,
			);
			sourceTree = "<group>";
		};
		3525C0CB1CF3BA7F002114A6 /* Products */ = {
			isa = PBXGroup;
			children = (
				3525C0CA1CF3BA7F002114A6 /* LunchGuy.app */,
				3525C0DE1CF3BA7F002114A6 /* LunchGuyTests.xctest */,
				3525C0E91CF3BA7F002114A6 /* LunchGuyUITests.xctest */,
			);
			name = Products;
			sourceTree = "<group>";
		};
		3525C0CC1CF3BA7F002114A6 /* LunchGuy */ = {
			isa = PBXGroup;
			children = (
				351CFA761CF3D95600D4146A /* ViewControllers */,
				3525C1071CF3C6E9002114A6 /* Helpers */,
				3525C0FE1CF3BDA1002114A6 /* Model */,
				3525C0FB1CF3BC21002114A6 /* Services */,
				3525C0CD1CF3BA7F002114A6 /* AppDelegate.swift */,
				3525C0CF1CF3BA7F002114A6 /* ViewController.swift */,
				3525C0D41CF3BA7F002114A6 /* Assets.xcassets */,
				3525C0D91CF3BA7F002114A6 /* Info.plist */,
			);
			path = LunchGuy;
			sourceTree = "<group>";
		};
		3525C0E11CF3BA7F002114A6 /* LunchGuyTests */ = {
			isa = PBXGroup;
			children = (
				3525C0E21CF3BA7F002114A6 /* LunchGuyTests.swift */,
				3525C0E41CF3BA7F002114A6 /* Info.plist */,
			);
			path = LunchGuyTests;
			sourceTree = "<group>";
		};
		3525C0EC1CF3BA7F002114A6 /* LunchGuyUITests */ = {
			isa = PBXGroup;
			children = (
				3525C0ED1CF3BA7F002114A6 /* LunchGuyUITests.swift */,
				3525C0EF1CF3BA7F002114A6 /* Info.plist */,
			);
			path = LunchGuyUITests;
			sourceTree = "<group>";
		};
		3525C0FB1CF3BC21002114A6 /* Services */ = {
			isa = PBXGroup;
			children = (
				3525C0FC1CF3BC2C002114A6 /* APIWrapper.swift */,
			);
			name = Services;
			sourceTree = "<group>";
		};
		3525C0FE1CF3BDA1002114A6 /* Model */ = {
			isa = PBXGroup;
			children = (
				3525C1051CF3C2EA002114A6 /* Model.swift */,
			);
			name = Model;
			sourceTree = "<group>";
		};
		3525C1071CF3C6E9002114A6 /* Helpers */ = {
			isa = PBXGroup;
			children = (
				3525C1081CF3C6FE002114A6 /* NSDate+LunchGuy.swift */,
			);
			name = Helpers;
			sourceTree = "<group>";
		};
		9595755FA50F98EBD05A8DFA /* Frameworks */ = {
			isa = PBXGroup;
			children = (
				19F03A6E386F819E4353682F /* Pods_LunchGuy.framework */,
				FB8CF7DCE0695EB1DEEE28B7 /* Pods_LunchGuyTests.framework */,
				46242A0D246587309CC58535 /* Pods_LunchGuyUITests.framework */,
			);
			name = Frameworks;
			sourceTree = "<group>";
		};
		B60B3C31A36A598ACFF21781 /* Pods */ = {
			isa = PBXGroup;
			children = (
				E6F55551A8E25408DCD24251 /* Pods-LunchGuy.debug.xcconfig */,
				CB977E6F098BAF138A2713EE /* Pods-LunchGuy.release.xcconfig */,
				02C345D6F55F5B2D9E1DD44E /* Pods-LunchGuyTests.debug.xcconfig */,
				F8CCE357518BEBB622E0B2A2 /* Pods-LunchGuyTests.release.xcconfig */,
				6215739716A95EC53174EA9D /* Pods-LunchGuyUITests.debug.xcconfig */,
				C4072E3BD0DE081841E829EF /* Pods-LunchGuyUITests.release.xcconfig */,
			);
			name = Pods;
			sourceTree = "<group>";
		};
/* End PBXGroup section */

/* Begin PBXNativeTarget section */
		3525C0C91CF3BA7F002114A6 /* LunchGuy */ = {
			isa = PBXNativeTarget;
			buildConfigurationList = 3525C0F21CF3BA7F002114A6 /* Build configuration list for PBXNativeTarget "LunchGuy" */;
			buildPhases = (
				656F9A83AA9FCF507614796F /* [CP] Check Pods Manifest.lock */,
				3525C0C61CF3BA7F002114A6 /* Sources */,
				3525C0C71CF3BA7F002114A6 /* Frameworks */,
				3525C0C81CF3BA7F002114A6 /* Resources */,
				87E5CB78068CEFDF3CCCA078 /* [CP] Embed Pods Frameworks */,
				ABEA4579578290585B7B6A3C /* [CP] Copy Pods Resources */,
				352802911CF8ABA0003A2700 /* Fabric */,
			);
			buildRules = (
			);
			dependencies = (
			);
			name = LunchGuy;
			productName = LunchGuy;
			productReference = 3525C0CA1CF3BA7F002114A6 /* LunchGuy.app */;
			productType = "com.apple.product-type.application";
		};
		3525C0DD1CF3BA7F002114A6 /* LunchGuyTests */ = {
			isa = PBXNativeTarget;
			buildConfigurationList = 3525C0F51CF3BA7F002114A6 /* Build configuration list for PBXNativeTarget "LunchGuyTests" */;
			buildPhases = (
				E117C3E0489D15DDFCFA8184 /* [CP] Check Pods Manifest.lock */,
				3525C0DA1CF3BA7F002114A6 /* Sources */,
				3525C0DB1CF3BA7F002114A6 /* Frameworks */,
				3525C0DC1CF3BA7F002114A6 /* Resources */,
				95C0144EB434A8EFE2A358A9 /* [CP] Embed Pods Frameworks */,
				E5FE295F8B5FA0D42B4FC050 /* [CP] Copy Pods Resources */,
			);
			buildRules = (
			);
			dependencies = (
				3525C0E01CF3BA7F002114A6 /* PBXTargetDependency */,
			);
			name = LunchGuyTests;
			productName = LunchGuyTests;
			productReference = 3525C0DE1CF3BA7F002114A6 /* LunchGuyTests.xctest */;
			productType = "com.apple.product-type.bundle.unit-test";
		};
		3525C0E81CF3BA7F002114A6 /* LunchGuyUITests */ = {
			isa = PBXNativeTarget;
			buildConfigurationList = 3525C0F81CF3BA7F002114A6 /* Build configuration list for PBXNativeTarget "LunchGuyUITests" */;
			buildPhases = (
				B9C5A492D24DC01DF71FC14F /* [CP] Check Pods Manifest.lock */,
				3525C0E51CF3BA7F002114A6 /* Sources */,
				3525C0E61CF3BA7F002114A6 /* Frameworks */,
				3525C0E71CF3BA7F002114A6 /* Resources */,
				01CFD845311269605E39148A /* [CP] Copy Pods Resources */,
				763298713491909FD8DA4F03 /* [CP] Embed Pods Frameworks */,
			);
			buildRules = (
			);
			dependencies = (
				3525C0EB1CF3BA7F002114A6 /* PBXTargetDependency */,
			);
			name = LunchGuyUITests;
			productName = LunchGuyUITests;
			productReference = 3525C0E91CF3BA7F002114A6 /* LunchGuyUITests.xctest */;
			productType = "com.apple.product-type.bundle.ui-testing";
		};
/* End PBXNativeTarget section */

/* Begin PBXProject section */
		3525C0C21CF3BA7F002114A6 /* Project object */ = {
			isa = PBXProject;
			attributes = {
				LastSwiftUpdateCheck = 0730;
				LastUpgradeCheck = 0900;
				ORGANIZATIONNAME = "AJTY, s.r.o.";
				TargetAttributes = {
					3525C0C91CF3BA7F002114A6 = {
						CreatedOnToolsVersion = 7.3;
						DevelopmentTeam = CDMJRT8WJB;
						LastSwiftMigration = 0900;
						ProvisioningStyle = Manual;
					};
					3525C0DD1CF3BA7F002114A6 = {
						CreatedOnToolsVersion = 7.3;
						LastSwiftMigration = 0900;
						TestTargetID = 3525C0C91CF3BA7F002114A6;
					};
					3525C0E81CF3BA7F002114A6 = {
						CreatedOnToolsVersion = 7.3;
						LastSwiftMigration = 0900;
						TestTargetID = 3525C0C91CF3BA7F002114A6;
					};
				};
			};
			buildConfigurationList = 3525C0C51CF3BA7F002114A6 /* Build configuration list for PBXProject "LunchGuy" */;
			compatibilityVersion = "Xcode 3.2";
			developmentRegion = English;
			hasScannedForEncodings = 0;
			knownRegions = (
				en,
				Base,
			);
			mainGroup = 3525C0C11CF3BA7F002114A6;
			productRefGroup = 3525C0CB1CF3BA7F002114A6 /* Products */;
			projectDirPath = "";
			projectRoot = "";
			targets = (
				3525C0C91CF3BA7F002114A6 /* LunchGuy */,
				3525C0DD1CF3BA7F002114A6 /* LunchGuyTests */,
				3525C0E81CF3BA7F002114A6 /* LunchGuyUITests */,
			);
		};
/* End PBXProject section */

/* Begin PBXResourcesBuildPhase section */
		3525C0C81CF3BA7F002114A6 /* Resources */ = {
			isa = PBXResourcesBuildPhase;
			buildActionMask = 2147483647;
			files = (
				3525C0D51CF3BA7F002114A6 /* Assets.xcassets in Resources */,
			);
			runOnlyForDeploymentPostprocessing = 0;
		};
		3525C0DC1CF3BA7F002114A6 /* Resources */ = {
			isa = PBXResourcesBuildPhase;
			buildActionMask = 2147483647;
			files = (
			);
			runOnlyForDeploymentPostprocessing = 0;
		};
		3525C0E71CF3BA7F002114A6 /* Resources */ = {
			isa = PBXResourcesBuildPhase;
			buildActionMask = 2147483647;
			files = (
			);
			runOnlyForDeploymentPostprocessing = 0;
		};
/* End PBXResourcesBuildPhase section */

/* Begin PBXShellScriptBuildPhase section */
		01CFD845311269605E39148A /* [CP] Copy Pods Resources */ = {
			isa = PBXShellScriptBuildPhase;
			buildActionMask = 2147483647;
			files = (
			);
			inputPaths = (
			);
			name = "[CP] Copy Pods Resources";
			outputPaths = (
			);
			runOnlyForDeploymentPostprocessing = 0;
			shellPath = /bin/sh;
			shellScript = "\"${SRCROOT}/Pods/Target Support Files/Pods-LunchGuyUITests/Pods-LunchGuyUITests-resources.sh\"\n";
			showEnvVarsInLog = 0;
		};
		352802911CF8ABA0003A2700 /* Fabric */ = {
			isa = PBXShellScriptBuildPhase;
			buildActionMask = 2147483647;
			files = (
			);
			inputPaths = (
			);
			name = Fabric;
			outputPaths = (
			);
			runOnlyForDeploymentPostprocessing = 0;
			shellPath = /bin/sh;
			shellScript = "\"${PODS_ROOT}/Fabric/run\" dd91786f75cb40ae4bf775ac82d3af8c38f3ef97 79f265a5fd56838a962c4745efc95d52bd061979b51fbe9b5d1c514c19ee73ea";
		};
		656F9A83AA9FCF507614796F /* [CP] Check Pods Manifest.lock */ = {
			isa = PBXShellScriptBuildPhase;
			buildActionMask = 2147483647;
			files = (
			);
			inputPaths = (
			);
			name = "[CP] Check Pods Manifest.lock";
			outputPaths = (
			);
			runOnlyForDeploymentPostprocessing = 0;
			shellPath = /bin/sh;
			shellScript = "diff \"${PODS_ROOT}/../Podfile.lock\" \"${PODS_ROOT}/Manifest.lock\" > /dev/null\nif [ $? != 0 ] ; then\n    # print error to STDERR\n    echo \"error: The sandbox is not in sync with the Podfile.lock. Run 'pod install' or update your CocoaPods installation.\" >&2\n    exit 1\nfi\n";
			showEnvVarsInLog = 0;
		};
		763298713491909FD8DA4F03 /* [CP] Embed Pods Frameworks */ = {
			isa = PBXShellScriptBuildPhase;
			buildActionMask = 2147483647;
			files = (
			);
			inputPaths = (
			);
			name = "[CP] Embed Pods Frameworks";
			outputPaths = (
			);
			runOnlyForDeploymentPostprocessing = 0;
			shellPath = /bin/sh;
			shellScript = "\"${SRCROOT}/Pods/Target Support Files/Pods-LunchGuyUITests/Pods-LunchGuyUITests-frameworks.sh\"\n";
			showEnvVarsInLog = 0;
		};
		87E5CB78068CEFDF3CCCA078 /* [CP] Embed Pods Frameworks */ = {
			isa = PBXShellScriptBuildPhase;
			buildActionMask = 2147483647;
			files = (
			);
			inputPaths = (
			);
			name = "[CP] Embed Pods Frameworks";
			outputPaths = (
			);
			runOnlyForDeploymentPostprocessing = 0;
			shellPath = /bin/sh;
			shellScript = "\"${SRCROOT}/Pods/Target Support Files/Pods-LunchGuy/Pods-LunchGuy-frameworks.sh\"\n";
			showEnvVarsInLog = 0;
		};
		95C0144EB434A8EFE2A358A9 /* [CP] Embed Pods Frameworks */ = {
			isa = PBXShellScriptBuildPhase;
			buildActionMask = 2147483647;
			files = (
			);
			inputPaths = (
			);
			name = "[CP] Embed Pods Frameworks";
			outputPaths = (
			);
			runOnlyForDeploymentPostprocessing = 0;
			shellPath = /bin/sh;
			shellScript = "\"${SRCROOT}/Pods/Target Support Files/Pods-LunchGuyTests/Pods-LunchGuyTests-frameworks.sh\"\n";
			showEnvVarsInLog = 0;
		};
		ABEA4579578290585B7B6A3C /* [CP] Copy Pods Resources */ = {
			isa = PBXShellScriptBuildPhase;
			buildActionMask = 2147483647;
			files = (
			);
			inputPaths = (
			);
			name = "[CP] Copy Pods Resources";
			outputPaths = (
			);
			runOnlyForDeploymentPostprocessing = 0;
			shellPath = /bin/sh;
			shellScript = "\"${SRCROOT}/Pods/Target Support Files/Pods-LunchGuy/Pods-LunchGuy-resources.sh\"\n";
			showEnvVarsInLog = 0;
		};
		B9C5A492D24DC01DF71FC14F /* [CP] Check Pods Manifest.lock */ = {
			isa = PBXShellScriptBuildPhase;
			buildActionMask = 2147483647;
			files = (
			);
			inputPaths = (
			);
			name = "[CP] Check Pods Manifest.lock";
			outputPaths = (
			);
			runOnlyForDeploymentPostprocessing = 0;
			shellPath = /bin/sh;
			shellScript = "diff \"${PODS_ROOT}/../Podfile.lock\" \"${PODS_ROOT}/Manifest.lock\" > /dev/null\nif [ $? != 0 ] ; then\n    # print error to STDERR\n    echo \"error: The sandbox is not in sync with the Podfile.lock. Run 'pod install' or update your CocoaPods installation.\" >&2\n    exit 1\nfi\n";
			showEnvVarsInLog = 0;
		};
		E117C3E0489D15DDFCFA8184 /* [CP] Check Pods Manifest.lock */ = {
			isa = PBXShellScriptBuildPhase;
			buildActionMask = 2147483647;
			files = (
			);
			inputPaths = (
			);
			name = "[CP] Check Pods Manifest.lock";
			outputPaths = (
			);
			runOnlyForDeploymentPostprocessing = 0;
			shellPath = /bin/sh;
			shellScript = "diff \"${PODS_ROOT}/../Podfile.lock\" \"${PODS_ROOT}/Manifest.lock\" > /dev/null\nif [ $? != 0 ] ; then\n    # print error to STDERR\n    echo \"error: The sandbox is not in sync with the Podfile.lock. Run 'pod install' or update your CocoaPods installation.\" >&2\n    exit 1\nfi\n";
			showEnvVarsInLog = 0;
		};
		E5FE295F8B5FA0D42B4FC050 /* [CP] Copy Pods Resources */ = {
			isa = PBXShellScriptBuildPhase;
			buildActionMask = 2147483647;
			files = (
			);
			inputPaths = (
			);
			name = "[CP] Copy Pods Resources";
			outputPaths = (
			);
			runOnlyForDeploymentPostprocessing = 0;
			shellPath = /bin/sh;
			shellScript = "\"${SRCROOT}/Pods/Target Support Files/Pods-LunchGuyTests/Pods-LunchGuyTests-resources.sh\"\n";
			showEnvVarsInLog = 0;
		};
/* End PBXShellScriptBuildPhase section */

/* Begin PBXSourcesBuildPhase section */
		3525C0C61CF3BA7F002114A6 /* Sources */ = {
			isa = PBXSourcesBuildPhase;
			buildActionMask = 2147483647;
			files = (
				3525C1061CF3C2EA002114A6 /* Model.swift in Sources */,
				351CFA7A1CF3DD9E00D4146A /* MenuTableViewController.swift in Sources */,
				3525C0D01CF3BA7F002114A6 /* ViewController.swift in Sources */,
				351CFA781CF3D96F00D4146A /* RestaurantTableViewController.swift in Sources */,
				3525C1091CF3C6FE002114A6 /* NSDate+LunchGuy.swift in Sources */,
				3525C0FD1CF3BC2C002114A6 /* APIWrapper.swift in Sources */,
				3525C0CE1CF3BA7F002114A6 /* AppDelegate.swift in Sources */,
			);
			runOnlyForDeploymentPostprocessing = 0;
		};
		3525C0DA1CF3BA7F002114A6 /* Sources */ = {
			isa = PBXSourcesBuildPhase;
			buildActionMask = 2147483647;
			files = (
				3525C0E31CF3BA7F002114A6 /* LunchGuyTests.swift in Sources */,
			);
			runOnlyForDeploymentPostprocessing = 0;
		};
		3525C0E51CF3BA7F002114A6 /* Sources */ = {
			isa = PBXSourcesBuildPhase;
			buildActionMask = 2147483647;
			files = (
				3525C0EE1CF3BA7F002114A6 /* LunchGuyUITests.swift in Sources */,
			);
			runOnlyForDeploymentPostprocessing = 0;
		};
/* End PBXSourcesBuildPhase section */

/* Begin PBXTargetDependency section */
		3525C0E01CF3BA7F002114A6 /* PBXTargetDependency */ = {
			isa = PBXTargetDependency;
			target = 3525C0C91CF3BA7F002114A6 /* LunchGuy */;
			targetProxy = 3525C0DF1CF3BA7F002114A6 /* PBXContainerItemProxy */;
		};
		3525C0EB1CF3BA7F002114A6 /* PBXTargetDependency */ = {
			isa = PBXTargetDependency;
			target = 3525C0C91CF3BA7F002114A6 /* LunchGuy */;
			targetProxy = 3525C0EA1CF3BA7F002114A6 /* PBXContainerItemProxy */;
		};
/* End PBXTargetDependency section */

/* Begin XCBuildConfiguration section */
		3525C0F01CF3BA7F002114A6 /* Debug */ = {
			isa = XCBuildConfiguration;
			buildSettings = {
				ALWAYS_SEARCH_USER_PATHS = NO;
				CLANG_ANALYZER_NONNULL = YES;
				CLANG_CXX_LANGUAGE_STANDARD = "gnu++0x";
				CLANG_CXX_LIBRARY = "libc++";
				CLANG_ENABLE_MODULES = YES;
				CLANG_ENABLE_OBJC_ARC = YES;
				CLANG_WARN_BLOCK_CAPTURE_AUTORELEASING = YES;
				CLANG_WARN_BOOL_CONVERSION = YES;
				CLANG_WARN_COMMA = YES;
				CLANG_WARN_CONSTANT_CONVERSION = YES;
				CLANG_WARN_DIRECT_OBJC_ISA_USAGE = YES_ERROR;
				CLANG_WARN_EMPTY_BODY = YES;
				CLANG_WARN_ENUM_CONVERSION = YES;
				CLANG_WARN_INFINITE_RECURSION = YES;
				CLANG_WARN_INT_CONVERSION = YES;
				CLANG_WARN_NON_LITERAL_NULL_CONVERSION = YES;
				CLANG_WARN_OBJC_LITERAL_CONVERSION = YES;
				CLANG_WARN_OBJC_ROOT_CLASS = YES_ERROR;
				CLANG_WARN_RANGE_LOOP_ANALYSIS = YES;
				CLANG_WARN_STRICT_PROTOTYPES = YES;
				CLANG_WARN_SUSPICIOUS_MOVE = YES;
				CLANG_WARN_UNREACHABLE_CODE = YES;
				CLANG_WARN__DUPLICATE_METHOD_MATCH = YES;
				"CODE_SIGN_IDENTITY[sdk=iphoneos*]" = "iPhone Developer";
				COPY_PHASE_STRIP = NO;
				DEBUG_INFORMATION_FORMAT = dwarf;
				ENABLE_STRICT_OBJC_MSGSEND = YES;
				ENABLE_TESTABILITY = YES;
				GCC_C_LANGUAGE_STANDARD = gnu99;
				GCC_DYNAMIC_NO_PIC = NO;
				GCC_NO_COMMON_BLOCKS = YES;
				GCC_OPTIMIZATION_LEVEL = 0;
				GCC_PREPROCESSOR_DEFINITIONS = (
					"DEBUG=1",
					"$(inherited)",
				);
				GCC_WARN_64_TO_32_BIT_CONVERSION = YES;
				GCC_WARN_ABOUT_RETURN_TYPE = YES_ERROR;
				GCC_WARN_UNDECLARED_SELECTOR = YES;
				GCC_WARN_UNINITIALIZED_AUTOS = YES_AGGRESSIVE;
				GCC_WARN_UNUSED_FUNCTION = YES;
				GCC_WARN_UNUSED_VARIABLE = YES;
				IPHONEOS_DEPLOYMENT_TARGET = 9.3;
				MTL_ENABLE_DEBUG_INFO = YES;
				ONLY_ACTIVE_ARCH = YES;
				SDKROOT = iphoneos;
				SWIFT_OPTIMIZATION_LEVEL = "-Onone";
				TARGETED_DEVICE_FAMILY = "1,2";
			};
			name = Debug;
		};
		3525C0F11CF3BA7F002114A6 /* Release */ = {
			isa = XCBuildConfiguration;
			buildSettings = {
				ALWAYS_SEARCH_USER_PATHS = NO;
				CLANG_ANALYZER_NONNULL = YES;
				CLANG_CXX_LANGUAGE_STANDARD = "gnu++0x";
				CLANG_CXX_LIBRARY = "libc++";
				CLANG_ENABLE_MODULES = YES;
				CLANG_ENABLE_OBJC_ARC = YES;
				CLANG_WARN_BLOCK_CAPTURE_AUTORELEASING = YES;
				CLANG_WARN_BOOL_CONVERSION = YES;
				CLANG_WARN_COMMA = YES;
				CLANG_WARN_CONSTANT_CONVERSION = YES;
				CLANG_WARN_DIRECT_OBJC_ISA_USAGE = YES_ERROR;
				CLANG_WARN_EMPTY_BODY = YES;
				CLANG_WARN_ENUM_CONVERSION = YES;
				CLANG_WARN_INFINITE_RECURSION = YES;
				CLANG_WARN_INT_CONVERSION = YES;
				CLANG_WARN_NON_LITERAL_NULL_CONVERSION = YES;
				CLANG_WARN_OBJC_LITERAL_CONVERSION = YES;
				CLANG_WARN_OBJC_ROOT_CLASS = YES_ERROR;
				CLANG_WARN_RANGE_LOOP_ANALYSIS = YES;
				CLANG_WARN_STRICT_PROTOTYPES = YES;
				CLANG_WARN_SUSPICIOUS_MOVE = YES;
				CLANG_WARN_UNREACHABLE_CODE = YES;
				CLANG_WARN__DUPLICATE_METHOD_MATCH = YES;
				"CODE_SIGN_IDENTITY[sdk=iphoneos*]" = "iPhone Distribution";
				COPY_PHASE_STRIP = NO;
				DEBUG_INFORMATION_FORMAT = "dwarf-with-dsym";
				ENABLE_NS_ASSERTIONS = NO;
				ENABLE_STRICT_OBJC_MSGSEND = YES;
				GCC_C_LANGUAGE_STANDARD = gnu99;
				GCC_NO_COMMON_BLOCKS = YES;
				GCC_WARN_64_TO_32_BIT_CONVERSION = YES;
				GCC_WARN_ABOUT_RETURN_TYPE = YES_ERROR;
				GCC_WARN_UNDECLARED_SELECTOR = YES;
				GCC_WARN_UNINITIALIZED_AUTOS = YES_AGGRESSIVE;
				GCC_WARN_UNUSED_FUNCTION = YES;
				GCC_WARN_UNUSED_VARIABLE = YES;
				IPHONEOS_DEPLOYMENT_TARGET = 9.3;
				MTL_ENABLE_DEBUG_INFO = NO;
				SDKROOT = iphoneos;
				SWIFT_OPTIMIZATION_LEVEL = "-Owholemodule";
				TARGETED_DEVICE_FAMILY = "1,2";
				VALIDATE_PRODUCT = YES;
			};
			name = Release;
		};
		3525C0F31CF3BA7F002114A6 /* Debug */ = {
			isa = XCBuildConfiguration;
			baseConfigurationReference = E6F55551A8E25408DCD24251 /* Pods-LunchGuy.debug.xcconfig */;
			buildSettings = {
				ASSETCATALOG_COMPILER_APPICON_NAME = AppIcon;
				ASSETCATALOG_COMPILER_LAUNCHIMAGE_NAME = LaunchImage;
				CODE_SIGN_IDENTITY = "";
				"CODE_SIGN_IDENTITY[sdk=iphoneos*]" = "iPhone Developer";
				CODE_SIGN_STYLE = Manual;
				DEVELOPMENT_TEAM = CDMJRT8WJB;
				INFOPLIST_FILE = LunchGuy/Info.plist;
				IPHONEOS_DEPLOYMENT_TARGET = 9.0;
				LD_RUNPATH_SEARCH_PATHS = "$(inherited) @executable_path/Frameworks";
				PRODUCT_BUNDLE_IDENTIFIER = cz.ajty.LunchGuy;
				PRODUCT_NAME = "$(TARGET_NAME)";
				PROVISIONING_PROFILE = "59837f14-4a1c-44fd-bb7b-1e3c47ae71af";
				PROVISIONING_PROFILE_SPECIFIER = "match Development cz.ajty.LunchGuy";
				SWIFT_SWIFT3_OBJC_INFERENCE = On;
				SWIFT_VERSION = 4.0;
			};
			name = Debug;
		};
		3525C0F41CF3BA7F002114A6 /* Release */ = {
			isa = XCBuildConfiguration;
			baseConfigurationReference = CB977E6F098BAF138A2713EE /* Pods-LunchGuy.release.xcconfig */;
			buildSettings = {
				ASSETCATALOG_COMPILER_APPICON_NAME = AppIcon;
				ASSETCATALOG_COMPILER_LAUNCHIMAGE_NAME = LaunchImage;
				CODE_SIGN_IDENTITY = "";
				"CODE_SIGN_IDENTITY[sdk=iphoneos*]" = "iPhone Distribution";
				CODE_SIGN_STYLE = Manual;
				DEVELOPMENT_TEAM = CDMJRT8WJB;
				INFOPLIST_FILE = LunchGuy/Info.plist;
				IPHONEOS_DEPLOYMENT_TARGET = 9.0;
				LD_RUNPATH_SEARCH_PATHS = "$(inherited) @executable_path/Frameworks";
				PRODUCT_BUNDLE_IDENTIFIER = cz.ajty.LunchGuy;
				PRODUCT_NAME = "$(TARGET_NAME)";
				PROVISIONING_PROFILE = "189bbb21-ff7f-45ef-af2e-261625598eb4";
				PROVISIONING_PROFILE_SPECIFIER = "match AppStore cz.ajty.LunchGuy";
				SWIFT_SWIFT3_OBJC_INFERENCE = On;
				SWIFT_VERSION = 4.0;
			};
			name = Release;
		};
		3525C0F61CF3BA7F002114A6 /* Debug */ = {
			isa = XCBuildConfiguration;
			baseConfigurationReference = 02C345D6F55F5B2D9E1DD44E /* Pods-LunchGuyTests.debug.xcconfig */;
			buildSettings = {
				BUNDLE_LOADER = "$(TEST_HOST)";
				INFOPLIST_FILE = LunchGuyTests/Info.plist;
				LD_RUNPATH_SEARCH_PATHS = "$(inherited) @executable_path/Frameworks @loader_path/Frameworks";
				PRODUCT_BUNDLE_IDENTIFIER = cz.ajty.LunchGuyTests;
				PRODUCT_NAME = "$(TARGET_NAME)";
				SWIFT_SWIFT3_OBJC_INFERENCE = On;
				SWIFT_VERSION = 4.0;
				TEST_HOST = "$(BUILT_PRODUCTS_DIR)/LunchGuy.app/LunchGuy";
			};
			name = Debug;
		};
		3525C0F71CF3BA7F002114A6 /* Release */ = {
			isa = XCBuildConfiguration;
			baseConfigurationReference = F8CCE357518BEBB622E0B2A2 /* Pods-LunchGuyTests.release.xcconfig */;
			buildSettings = {
				BUNDLE_LOADER = "$(TEST_HOST)";
				INFOPLIST_FILE = LunchGuyTests/Info.plist;
				LD_RUNPATH_SEARCH_PATHS = "$(inherited) @executable_path/Frameworks @loader_path/Frameworks";
				PRODUCT_BUNDLE_IDENTIFIER = cz.ajty.LunchGuyTests;
				PRODUCT_NAME = "$(TARGET_NAME)";
				SWIFT_SWIFT3_OBJC_INFERENCE = On;
				SWIFT_VERSION = 4.0;
				TEST_HOST = "$(BUILT_PRODUCTS_DIR)/LunchGuy.app/LunchGuy";
			};
			name = Release;
		};
		3525C0F91CF3BA7F002114A6 /* Debug */ = {
			isa = XCBuildConfiguration;
			baseConfigurationReference = 6215739716A95EC53174EA9D /* Pods-LunchGuyUITests.debug.xcconfig */;
			buildSettings = {
				INFOPLIST_FILE = LunchGuyUITests/Info.plist;
				LD_RUNPATH_SEARCH_PATHS = "$(inherited) @executable_path/Frameworks @loader_path/Frameworks";
				PRODUCT_BUNDLE_IDENTIFIER = cz.ajty.LunchGuyUITests;
				PRODUCT_NAME = "$(TARGET_NAME)";
				SWIFT_SWIFT3_OBJC_INFERENCE = On;
				SWIFT_VERSION = 4.0;
				TEST_TARGET_NAME = LunchGuy;
			};
			name = Debug;
		};
		3525C0FA1CF3BA7F002114A6 /* Release */ = {
			isa = XCBuildConfiguration;
			baseConfigurationReference = C4072E3BD0DE081841E829EF /* Pods-LunchGuyUITests.release.xcconfig */;
			buildSettings = {
				INFOPLIST_FILE = LunchGuyUITests/Info.plist;
				LD_RUNPATH_SEARCH_PATHS = "$(inherited) @executable_path/Frameworks @loader_path/Frameworks";
				PRODUCT_BUNDLE_IDENTIFIER = cz.ajty.LunchGuyUITests;
				PRODUCT_NAME = "$(TARGET_NAME)";
				SWIFT_SWIFT3_OBJC_INFERENCE = On;
				SWIFT_VERSION = 4.0;
				TEST_TARGET_NAME = LunchGuy;
			};
			name = Release;
		};
/* End XCBuildConfiguration section */

/* Begin XCConfigurationList section */
		3525C0C51CF3BA7F002114A6 /* Build configuration list for PBXProject "LunchGuy" */ = {
			isa = XCConfigurationList;
			buildConfigurations = (
				3525C0F01CF3BA7F002114A6 /* Debug */,
				3525C0F11CF3BA7F002114A6 /* Release */,
			);
			defaultConfigurationIsVisible = 0;
			defaultConfigurationName = Release;
		};
		3525C0F21CF3BA7F002114A6 /* Build configuration list for PBXNativeTarget "LunchGuy" */ = {
			isa = XCConfigurationList;
			buildConfigurations = (
				3525C0F31CF3BA7F002114A6 /* Debug */,
				3525C0F41CF3BA7F002114A6 /* Release */,
			);
			defaultConfigurationIsVisible = 0;
			defaultConfigurationName = Release;
		};
		3525C0F51CF3BA7F002114A6 /* Build configuration list for PBXNativeTarget "LunchGuyTests" */ = {
			isa = XCConfigurationList;
			buildConfigurations = (
				3525C0F61CF3BA7F002114A6 /* Debug */,
				3525C0F71CF3BA7F002114A6 /* Release */,
			);
			defaultConfigurationIsVisible = 0;
			defaultConfigurationName = Release;
		};
		3525C0F81CF3BA7F002114A6 /* Build configuration list for PBXNativeTarget "LunchGuyUITests" */ = {
			isa = XCConfigurationList;
			buildConfigurations = (
				3525C0F91CF3BA7F002114A6 /* Debug */,
				3525C0FA1CF3BA7F002114A6 /* Release */,
			);
			defaultConfigurationIsVisible = 0;
			defaultConfigurationName = Release;
		};
/* End XCConfigurationList section */
	};
	rootObject = 3525C0C21CF3BA7F002114A6 /* Project object */;
}
